PODS:
  - FloatingPanel (2.4.0)
  - RxCocoa (6.2.0):
    - RxRelay (= 6.2.0)
    - RxSwift (= 6.2.0)
  - RxRelay (6.2.0):
    - RxSwift (= 6.2.0)
  - RxSwift (6.2.0)

DEPENDENCIES:
  - FloatingPanel
  - RxCocoa
  - RxSwift

SPEC REPOS:
  trunk:
    - FloatingPanel
    - RxCocoa
    - RxRelay
    - RxSwift

SPEC CHECKSUMS:
  FloatingPanel: fa60183672ed86313b9e241e34465e82211260e8
  RxCocoa: 4baf94bb35f2c0ab31bc0cb9f1900155f646ba42
  RxRelay: e72dbfd157807478401ef1982e1c61c945c94b2f
  RxSwift: d356ab7bee873611322f134c5f9ef379fa183d8f

PODFILE CHECKSUM: 6f1e01e8913e32e2028329d6f7b92ffb782b4e07

COCOAPODS: 1.10.0
